
Microsoft Visual Studio Solution File, Format Version 12.00
# Visual Studio 15
VisualStudioVersion = 15.0.28010.2003
MinimumVisualStudioVersion = 10.0.40219.1
Project("{FAE04EC0-301F-11D3-BF4B-00C04F79EFBC}") = "ToDoList", "ToDoList\ToDoList.csproj", "{C3F56A93-9781-4876-A28A-FC2890497CAC}"
EndProject
Global
	GlobalSection(SolutionConfigurationPlatforms) = preSolution
		Debug|Any CPU = Debug|Any CPU
		Release|Any CPU = Release|Any CPU
	EndGlobalSection
	GlobalSection(ProjectConfigurationPlatforms) = postSolution
		{C3F56A93-9781-4876-A28A-FC2890497CAC}.Debug|Any CPU.ActiveCfg = Debug|Any CPU
		{C3F56A93-9781-4876-A28A-FC2890497CAC}.Debug|Any CPU.Build.0 = Debug|Any CPU
		{C3F56A93-9781-4876-A28A-FC2890497CAC}.Release|Any CPU.ActiveCfg = Release|Any CPU
		{C3F56A93-9781-4876-A28A-FC2890497CAC}.Release|Any CPU.Build.0 = Release|Any CPU
	EndGlobalSection
	GlobalSection(SolutionProperties) = preSolution
		HideSolutionNode = FALSE
	EndGlobalSection
	GlobalSection(ExtensibilityGlobals) = postSolution
		SolutionGuid = {AEF3AFD2-313A-4733-A602-4BFB85D07506}
	EndGlobalSection
EndGlobal
